
Microsoft Visual Studio Solution File, Format Version 12.00
# Visual Studio Version 16
VisualStudioVersion = 16.0.30611.23
MinimumVisualStudioVersion = 10.0.40219.1
Project("{FAE04EC0-301F-11D3-BF4B-00C04F79EFBC}") = "Mediator", "Mediator\Mediator.csproj", "{57C468C5-4CE0-4566-8246-A52239D71123}"
EndProject
Global
	GlobalSection(SolutionConfigurationPlatforms) = preSolution
		Debug|Any CPU = Debug|Any CPU
		Release|Any CPU = Release|Any CPU
	EndGlobalSection
	GlobalSection(ProjectConfigurationPlatforms) = postSolution
		{57C468C5-4CE0-4566-8246-A52239D71123}.Debug|Any CPU.ActiveCfg = Debug|Any CPU
		{57C468C5-4CE0-4566-8246-A52239D71123}.Debug|Any CPU.Build.0 = Debug|Any CPU
		{57C468C5-4CE0-4566-8246-A52239D71123}.Release|Any CPU.ActiveCfg = Release|Any CPU
		{57C468C5-4CE0-4566-8246-A52239D71123}.Release|Any CPU.Build.0 = Release|Any CPU
	EndGlobalSection
	GlobalSection(SolutionProperties) = preSolution
		HideSolutionNode = FALSE
	EndGlobalSection
	GlobalSection(ExtensibilityGlobals) = postSolution
		SolutionGuid = {DE1C1D50-4C17-420C-AFA7-9B248CB23D0E}
	EndGlobalSection
EndGlobal
